
Microsoft Visual Studio Solution File, Format Version 12.00
# Visual Studio Version 16
VisualStudioVersion = 16.0.31702.278
MinimumVisualStudioVersion = 10.0.40219.1
Project("{FAE04EC0-301F-11D3-BF4B-00C04F79EFBC}") = "Hwork2WpfApp", "Hwork2WpfApp\Hwork2WpfApp.csproj", "{C77266C4-F4F5-43EF-A494-5915F54B1F31}"
EndProject
Global
	GlobalSection(SolutionConfigurationPlatforms) = preSolution
		Debug|Any CPU = Debug|Any CPU
		Release|Any CPU = Release|Any CPU
	EndGlobalSection
	GlobalSection(ProjectConfigurationPlatforms) = postSolution
		{C77266C4-F4F5-43EF-A494-5915F54B1F31}.Debug|Any CPU.ActiveCfg = Debug|Any CPU
		{C77266C4-F4F5-43EF-A494-5915F54B1F31}.Debug|Any CPU.Build.0 = Debug|Any CPU
		{C77266C4-F4F5-43EF-A494-5915F54B1F31}.Release|Any CPU.ActiveCfg = Release|Any CPU
		{C77266C4-F4F5-43EF-A494-5915F54B1F31}.Release|Any CPU.Build.0 = Release|Any CPU
	EndGlobalSection
	GlobalSection(SolutionProperties) = preSolution
		HideSolutionNode = FALSE
	EndGlobalSection
	GlobalSection(ExtensibilityGlobals) = postSolution
		SolutionGuid = {44126AE6-E8E8-441C-B982-6A234DF723FA}
	EndGlobalSection
EndGlobal
